
Microsoft Visual Studio Solution File, Format Version 12.00
# Visual Studio Version 17
VisualStudioVersion = 17.13.35931.197 d17.13
MinimumVisualStudioVersion = 10.0.40219.1
Project("{FAE04EC0-301F-11D3-BF4B-00C04F79EFBC}") = "vehicle-api", "vehicle-api\vehicle-api.csproj", "{EAF310A9-ACF4-493C-A993-E6E95E0BBC17}"
EndProject
Global
	GlobalSection(SolutionConfigurationPlatforms) = preSolution
		Debug|Any CPU = Debug|Any CPU
		Release|Any CPU = Release|Any CPU
	EndGlobalSection
	GlobalSection(ProjectConfigurationPlatforms) = postSolution
		{EAF310A9-ACF4-493C-A993-E6E95E0BBC17}.Debug|Any CPU.ActiveCfg = Debug|Any CPU
		{EAF310A9-ACF4-493C-A993-E6E95E0BBC17}.Debug|Any CPU.Build.0 = Debug|Any CPU
		{EAF310A9-ACF4-493C-A993-E6E95E0BBC17}.Release|Any CPU.ActiveCfg = Release|Any CPU
		{EAF310A9-ACF4-493C-A993-E6E95E0BBC17}.Release|Any CPU.Build.0 = Release|Any CPU
	EndGlobalSection
	GlobalSection(SolutionProperties) = preSolution
		HideSolutionNode = FALSE
	EndGlobalSection
	GlobalSection(ExtensibilityGlobals) = postSolution
		SolutionGuid = {A7EF0609-D3E9-4D0B-922E-6B2FAFD76279}
	EndGlobalSection
EndGlobal
